
Microsoft Visual Studio Solution File, Format Version 12.00
Project("{FAE04EC0-301F-11D3-BF4B-00C04F79EFBC}") = "TodoApp", "TodoApp\TodoApp.csproj", "{97871AE6-D975-4374-BCD4-26997D4FE8B5}"
EndProject
Global
	GlobalSection(SolutionConfigurationPlatforms) = preSolution
		Debug|Any CPU = Debug|Any CPU
		Release|Any CPU = Release|Any CPU
	EndGlobalSection
	GlobalSection(ProjectConfigurationPlatforms) = postSolution
		{97871AE6-D975-4374-BCD4-26997D4FE8B5}.Debug|Any CPU.ActiveCfg = Debug|Any CPU
		{97871AE6-D975-4374-BCD4-26997D4FE8B5}.Debug|Any CPU.Build.0 = Debug|Any CPU
		{97871AE6-D975-4374-BCD4-26997D4FE8B5}.Release|Any CPU.ActiveCfg = Release|Any CPU
		{97871AE6-D975-4374-BCD4-26997D4FE8B5}.Release|Any CPU.Build.0 = Release|Any CPU
	EndGlobalSection
EndGlobal
